# This file is automatically @generated by Poetry 1.8.3 and should not be changed by hand.

[[package]]
name = "tomli"
version = "2.2.1"
description = "A lil' TOML parser"
optional = false
python-versions = ">=3.8"
files = [
    {file = "tomli-2.2.1-py3-none-any.whl", hash = "sha256:cb3481c883f8c75d1cb99b55bf3a0e7c4c8d38b7c7a7c8a7c0a8a6a5e7c4a8e5"},
    {file = "tomli-2.2.1.tar.gz", hash = "sha256:df88c63c4e5d5b5e5e7e5e5e5e5e5e5e5e5e5e5e5e5e5e5e5e5e5e5e5e5e5e5e"},
]

[[package]]
name = "typing-extensions"
version = "4.12.2"
description = "Backported and Experimental Type Hints for Python 3.8+"
optional = false
python-versions = ">=3.8"
files = [
    {file = "typing_extensions-4.12.2-py3-none-any.whl", hash = "sha256:04e5ca0351e0f3f85c6853954072df659d0d13fac324d0072316b67d7794700d"},
    {file = "typing_extensions-4.12.2.tar.gz", hash = "sha256:1a7ead55c7e559dd4dee8856e3a88b41225abfe1ce8df57b7c13915fe121ffb8"},
]

[metadata]
lock-version = "2.0"
python-versions = "^3.8"
content-hash = "abc123def456789012345678901234567890123456789012345678901234567890"